
Microsoft Visual Studio Solution File, Format Version 12.00
# Visual Studio 15
VisualStudioVersion = 15.0.27703.2035
MinimumVisualStudioVersion = 10.0.40219.1
Project("{FAE04EC0-301F-11D3-BF4B-00C04F79EFBC}") = "Test", "Test\Test.csproj", "{8D0019A8-B061-4FE0-AF3E-81B1A352BFA1}"
EndProject
Global
	GlobalSection(SolutionConfigurationPlatforms) = preSolution
		Debug|Any CPU = Debug|Any CPU
		Release|Any CPU = Release|Any CPU
	EndGlobalSection
	GlobalSection(ProjectConfigurationPlatforms) = postSolution
		{8D0019A8-B061-4FE0-AF3E-81B1A352BFA1}.Debug|Any CPU.ActiveCfg = Debug|Any CPU
		{8D0019A8-B061-4FE0-AF3E-81B1A352BFA1}.Debug|Any CPU.Build.0 = Debug|Any CPU
		{8D0019A8-B061-4FE0-AF3E-81B1A352BFA1}.Release|Any CPU.ActiveCfg = Release|Any CPU
		{8D0019A8-B061-4FE0-AF3E-81B1A352BFA1}.Release|Any CPU.Build.0 = Release|Any CPU
	EndGlobalSection
	GlobalSection(SolutionProperties) = preSolution
		HideSolutionNode = FALSE
	EndGlobalSection
	GlobalSection(ExtensibilityGlobals) = postSolution
		SolutionGuid = {EAEA3973-E55E-4C4D-B9D5-B7250071578C}
	EndGlobalSection
EndGlobal
